
Microsoft Visual Studio Solution File, Format Version 12.00
# Visual Studio Version 16
VisualStudioVersion = 16.0.30320.27
MinimumVisualStudioVersion = 10.0.40219.1
Project("{FAE04EC0-301F-11D3-BF4B-00C04F79EFBC}") = "FrontendApp", "FrontendApp\FrontendApp.csproj", "{1B68841E-937D-459A-A75E-F633D03BCE37}"
EndProject
Project("{FAE04EC0-301F-11D3-BF4B-00C04F79EFBC}") = "BackendFunctionApp", "BackendFunctionApp\BackendFunctionApp.csproj", "{21126F1E-57F0-4DC3-8B47-C887053064B0}"
EndProject
Global
	GlobalSection(SolutionConfigurationPlatforms) = preSolution
		Debug|Any CPU = Debug|Any CPU
		Release|Any CPU = Release|Any CPU
	EndGlobalSection
	GlobalSection(ProjectConfigurationPlatforms) = postSolution
		{1B68841E-937D-459A-A75E-F633D03BCE37}.Debug|Any CPU.ActiveCfg = Debug|Any CPU
		{1B68841E-937D-459A-A75E-F633D03BCE37}.Debug|Any CPU.Build.0 = Debug|Any CPU
		{1B68841E-937D-459A-A75E-F633D03BCE37}.Release|Any CPU.ActiveCfg = Release|Any CPU
		{1B68841E-937D-459A-A75E-F633D03BCE37}.Release|Any CPU.Build.0 = Release|Any CPU
		{21126F1E-57F0-4DC3-8B47-C887053064B0}.Debug|Any CPU.ActiveCfg = Debug|Any CPU
		{21126F1E-57F0-4DC3-8B47-C887053064B0}.Debug|Any CPU.Build.0 = Debug|Any CPU
		{21126F1E-57F0-4DC3-8B47-C887053064B0}.Release|Any CPU.ActiveCfg = Release|Any CPU
		{21126F1E-57F0-4DC3-8B47-C887053064B0}.Release|Any CPU.Build.0 = Release|Any CPU
	EndGlobalSection
	GlobalSection(SolutionProperties) = preSolution
		HideSolutionNode = FALSE
	EndGlobalSection
	GlobalSection(ExtensibilityGlobals) = postSolution
		SolutionGuid = {BC686228-0933-4C95-9533-EF2CAE467E86}
	EndGlobalSection
EndGlobal
